
Microsoft Visual Studio Solution File, Format Version 12.00
# Visual Studio Version 17
VisualStudioVersion = 17.4.33110.190
MinimumVisualStudioVersion = 10.0.40219.1
Project("{9A19103F-16F7-4668-BE54-9A1E7A4F7556}") = "HomeLabManager.Common", "src\HomeLabManager.Common\HomeLabManager.Common.csproj", "{C91664B7-0AC1-4BDE-B780-8B0CD122C8A5}"
EndProject
Project("{2150E333-8FDC-42A3-9474-1A3956D46DE8}") = "Solution Items", "Solution Items", "{C1E8B47A-0DDC-41A8-B904-9775A37A15F9}"
	ProjectSection(SolutionItems) = preProject
		.editorconfig = .editorconfig
		.gitattributes = .gitattributes
		.gitignore = .gitignore
		Directory.Build.props = Directory.Build.props
		global.json = global.json
		readme.md = readme.md
	EndProjectSection
EndProject
Project("{2150E333-8FDC-42A3-9474-1A3956D46DE8}") = "Tests", "Tests", "{92A51926-5B5B-4F09-91F5-E14F8CEEB711}"
EndProject
Project("{9A19103F-16F7-4668-BE54-9A1E7A4F7556}") = "HomeLabManager.DockerTests", "tests\HomeLabManager.DockerTests\HomeLabManager.DockerTests.csproj", "{37B55AC4-1372-4178-A72F-2F6E8B17C35F}"
EndProject
Project("{9A19103F-16F7-4668-BE54-9A1E7A4F7556}") = "HomeLabManager.DataTests", "tests\HomeLabManager.ConfigurationTests\HomeLabManager.DataTests.csproj", "{F7711BEE-AD46-45CD-8322-9FB8B4D546FD}"
	ProjectSection(ProjectDependencies) = postProject
		{C91664B7-0AC1-4BDE-B780-8B0CD122C8A5} = {C91664B7-0AC1-4BDE-B780-8B0CD122C8A5}
	EndProjectSection
EndProject
Project("{9A19103F-16F7-4668-BE54-9A1E7A4F7556}") = "HomeLabManager.BackupTool", "src\HomeLabManager.BackupTool\HomeLabManager.BackupTool.csproj", "{85197BB5-1096-4BD2-AB29-8ECAB1A23ED2}"
EndProject
Project("{9A19103F-16F7-4668-BE54-9A1E7A4F7556}") = "HomeLabManager.Manager", "src\HomelabManager.LabManager\HomeLabManager.Manager.csproj", "{0E7EC3E2-2CF6-4B27-95F2-F5C01A073CE1}"
EndProject
Project("{2150E333-8FDC-42A3-9474-1A3956D46DE8}") = "TestData", "TestData", "{B27841B1-C63C-4BCE-B622-9F251DFEB7B5}"
EndProject
Global
	GlobalSection(SolutionConfigurationPlatforms) = preSolution
		Debug|Any CPU = Debug|Any CPU
		Release|Any CPU = Release|Any CPU
	EndGlobalSection
	GlobalSection(ProjectConfigurationPlatforms) = postSolution
		{C91664B7-0AC1-4BDE-B780-8B0CD122C8A5}.Debug|Any CPU.ActiveCfg = Debug|Any CPU
		{C91664B7-0AC1-4BDE-B780-8B0CD122C8A5}.Debug|Any CPU.Build.0 = Debug|Any CPU
		{C91664B7-0AC1-4BDE-B780-8B0CD122C8A5}.Release|Any CPU.ActiveCfg = Release|Any CPU
		{C91664B7-0AC1-4BDE-B780-8B0CD122C8A5}.Release|Any CPU.Build.0 = Release|Any CPU
		{37B55AC4-1372-4178-A72F-2F6E8B17C35F}.Debug|Any CPU.ActiveCfg = Debug|Any CPU
		{37B55AC4-1372-4178-A72F-2F6E8B17C35F}.Debug|Any CPU.Build.0 = Debug|Any CPU
		{37B55AC4-1372-4178-A72F-2F6E8B17C35F}.Release|Any CPU.ActiveCfg = Release|Any CPU
		{37B55AC4-1372-4178-A72F-2F6E8B17C35F}.Release|Any CPU.Build.0 = Release|Any CPU
		{F7711BEE-AD46-45CD-8322-9FB8B4D546FD}.Debug|Any CPU.ActiveCfg = Debug|Any CPU
		{F7711BEE-AD46-45CD-8322-9FB8B4D546FD}.Debug|Any CPU.Build.0 = Debug|Any CPU
		{F7711BEE-AD46-45CD-8322-9FB8B4D546FD}.Release|Any CPU.ActiveCfg = Release|Any CPU
		{F7711BEE-AD46-45CD-8322-9FB8B4D546FD}.Release|Any CPU.Build.0 = Release|Any CPU
		{85197BB5-1096-4BD2-AB29-8ECAB1A23ED2}.Debug|Any CPU.ActiveCfg = Debug|Any CPU
		{85197BB5-1096-4BD2-AB29-8ECAB1A23ED2}.Debug|Any CPU.Build.0 = Debug|Any CPU
		{85197BB5-1096-4BD2-AB29-8ECAB1A23ED2}.Release|Any CPU.ActiveCfg = Release|Any CPU
		{85197BB5-1096-4BD2-AB29-8ECAB1A23ED2}.Release|Any CPU.Build.0 = Release|Any CPU
		{0E7EC3E2-2CF6-4B27-95F2-F5C01A073CE1}.Debug|Any CPU.ActiveCfg = Debug|Any CPU
		{0E7EC3E2-2CF6-4B27-95F2-F5C01A073CE1}.Debug|Any CPU.Build.0 = Debug|Any CPU
		{0E7EC3E2-2CF6-4B27-95F2-F5C01A073CE1}.Release|Any CPU.ActiveCfg = Release|Any CPU
		{0E7EC3E2-2CF6-4B27-95F2-F5C01A073CE1}.Release|Any CPU.Build.0 = Release|Any CPU
	EndGlobalSection
	GlobalSection(SolutionProperties) = preSolution
		HideSolutionNode = FALSE
	EndGlobalSection
	GlobalSection(NestedProjects) = preSolution
		{37B55AC4-1372-4178-A72F-2F6E8B17C35F} = {92A51926-5B5B-4F09-91F5-E14F8CEEB711}
		{F7711BEE-AD46-45CD-8322-9FB8B4D546FD} = {92A51926-5B5B-4F09-91F5-E14F8CEEB711}
		{B27841B1-C63C-4BCE-B622-9F251DFEB7B5} = {C1E8B47A-0DDC-41A8-B904-9775A37A15F9}
	EndGlobalSection
	GlobalSection(ExtensibilityGlobals) = postSolution
		SolutionGuid = {E7A27280-66BF-4B43-9E13-A1ED2138C45A}
	EndGlobalSection
EndGlobal
